
Microsoft Visual Studio Solution File, Format Version 12.00
# Visual Studio Version 17
VisualStudioVersion = 17.0.32014.148
MinimumVisualStudioVersion = 10.0.40219.1
Project("{9A19103F-16F7-4668-BE54-9A1E7A4F7556}") = "ExploreCalifornia.WebApp", "ExploreCalifornia.WebApp\ExploreCalifornia.WebApp.csproj", "{3B80D7C6-AEE1-4CFE-883B-9CEBD4CBE374}"
EndProject
Project("{9A19103F-16F7-4668-BE54-9A1E7A4F7556}") = "ExploreCalifornia.EmailService", "ExploreCalifornia.EmailService\ExploreCalifornia.EmailService.csproj", "{A68B0726-D5E8-4F2F-952A-ED994E3CDA8A}"
EndProject
Project("{9A19103F-16F7-4668-BE54-9A1E7A4F7556}") = "ExploreCalifornia.BackOffice", "ExploreCalifornia.BackOffice\ExploreCalifornia.BackOffice.csproj", "{D8A8050B-E94D-4742-93E6-98D30FD30F83}"
EndProject
Project("{FAE04EC0-301F-11D3-BF4B-00C04F79EFBC}") = "SimpleChatApp", "SimpleChatApp\SimpleChatApp.csproj", "{3DE3D91D-2E10-4AC8-901C-1EAECD95BA95}"
EndProject
Project("{FAE04EC0-301F-11D3-BF4B-00C04F79EFBC}") = "ChatRoom", "ChatRoom\ChatRoom.csproj", "{44475933-C1A5-4F68-B207-1250115B34E0}"
EndProject
Project("{FAE04EC0-301F-11D3-BF4B-00C04F79EFBC}") = "ExploreCalifornia.Deadletters", "ExploreCalifornia.Deadletters\ExploreCalifornia.Deadletters.csproj", "{F90B3948-1B8B-469B-897E-C3CA30A2E3B5}"
EndProject
Global
	GlobalSection(SolutionConfigurationPlatforms) = preSolution
		Debug|Any CPU = Debug|Any CPU
		Release|Any CPU = Release|Any CPU
	EndGlobalSection
	GlobalSection(ProjectConfigurationPlatforms) = postSolution
		{3B80D7C6-AEE1-4CFE-883B-9CEBD4CBE374}.Debug|Any CPU.ActiveCfg = Debug|Any CPU
		{3B80D7C6-AEE1-4CFE-883B-9CEBD4CBE374}.Debug|Any CPU.Build.0 = Debug|Any CPU
		{3B80D7C6-AEE1-4CFE-883B-9CEBD4CBE374}.Release|Any CPU.ActiveCfg = Release|Any CPU
		{3B80D7C6-AEE1-4CFE-883B-9CEBD4CBE374}.Release|Any CPU.Build.0 = Release|Any CPU
		{A68B0726-D5E8-4F2F-952A-ED994E3CDA8A}.Debug|Any CPU.ActiveCfg = Debug|Any CPU
		{A68B0726-D5E8-4F2F-952A-ED994E3CDA8A}.Debug|Any CPU.Build.0 = Debug|Any CPU
		{A68B0726-D5E8-4F2F-952A-ED994E3CDA8A}.Release|Any CPU.ActiveCfg = Release|Any CPU
		{A68B0726-D5E8-4F2F-952A-ED994E3CDA8A}.Release|Any CPU.Build.0 = Release|Any CPU
		{D8A8050B-E94D-4742-93E6-98D30FD30F83}.Debug|Any CPU.ActiveCfg = Debug|Any CPU
		{D8A8050B-E94D-4742-93E6-98D30FD30F83}.Debug|Any CPU.Build.0 = Debug|Any CPU
		{D8A8050B-E94D-4742-93E6-98D30FD30F83}.Release|Any CPU.ActiveCfg = Release|Any CPU
		{D8A8050B-E94D-4742-93E6-98D30FD30F83}.Release|Any CPU.Build.0 = Release|Any CPU
		{3DE3D91D-2E10-4AC8-901C-1EAECD95BA95}.Debug|Any CPU.ActiveCfg = Debug|Any CPU
		{3DE3D91D-2E10-4AC8-901C-1EAECD95BA95}.Debug|Any CPU.Build.0 = Debug|Any CPU
		{3DE3D91D-2E10-4AC8-901C-1EAECD95BA95}.Release|Any CPU.ActiveCfg = Release|Any CPU
		{3DE3D91D-2E10-4AC8-901C-1EAECD95BA95}.Release|Any CPU.Build.0 = Release|Any CPU
		{44475933-C1A5-4F68-B207-1250115B34E0}.Debug|Any CPU.ActiveCfg = Debug|Any CPU
		{44475933-C1A5-4F68-B207-1250115B34E0}.Debug|Any CPU.Build.0 = Debug|Any CPU
		{44475933-C1A5-4F68-B207-1250115B34E0}.Release|Any CPU.ActiveCfg = Release|Any CPU
		{44475933-C1A5-4F68-B207-1250115B34E0}.Release|Any CPU.Build.0 = Release|Any CPU
		{F90B3948-1B8B-469B-897E-C3CA30A2E3B5}.Debug|Any CPU.ActiveCfg = Debug|Any CPU
		{F90B3948-1B8B-469B-897E-C3CA30A2E3B5}.Debug|Any CPU.Build.0 = Debug|Any CPU
		{F90B3948-1B8B-469B-897E-C3CA30A2E3B5}.Release|Any CPU.ActiveCfg = Release|Any CPU
		{F90B3948-1B8B-469B-897E-C3CA30A2E3B5}.Release|Any CPU.Build.0 = Release|Any CPU
	EndGlobalSection
	GlobalSection(SolutionProperties) = preSolution
		HideSolutionNode = FALSE
	EndGlobalSection
	GlobalSection(ExtensibilityGlobals) = postSolution
		SolutionGuid = {5AFC5025-15B0-4F53-9D4C-668DE7EEF1D2}
	EndGlobalSection
EndGlobal
